
Microsoft Visual Studio Solution File, Format Version 12.00
Project("{FAE04EC0-301F-11D3-BF4B-00C04F79EFBC}") = "Adeotek.DevOpsTools", "src\Adeotek.DevOpsTools\Adeotek.DevOpsTools.csproj", "{E89A3392-F860-44FD-A5DB-1C66E41E259F}"
EndProject
Project("{FAE04EC0-301F-11D3-BF4B-00C04F79EFBC}") = "Adeotek.Extensions.Processes", "src\Adeotek.Extensions.Processes\Adeotek.Extensions.Processes.csproj", "{DDDC41E8-E206-4894-A737-7316A337F97B}"
EndProject
Project("{2150E333-8FDC-42A3-9474-1A3956D46DE8}") = "src", "src", "{3E60B3A3-598E-4093-9F13-BF67895AD637}"
EndProject
Project("{FAE04EC0-301F-11D3-BF4B-00C04F79EFBC}") = "Adeotek.Extensions.Docker", "src\Adeotek.Extensions.Docker\Adeotek.Extensions.Docker.csproj", "{D55E158C-817B-4B11-8859-AB9255568194}"
EndProject
Project("{2150E333-8FDC-42A3-9474-1A3956D46DE8}") = "tests", "tests", "{64532DF7-DF7E-4CDF-8494-9C2EBF570AC1}"
EndProject
Project("{FAE04EC0-301F-11D3-BF4B-00C04F79EFBC}") = "Adeotek.Extensions.Processes.Tests", "tests\Adeotek.Extensions.Processes.Tests\Adeotek.Extensions.Processes.Tests.csproj", "{E55C2AB6-77B6-4D5A-9246-FC0A6FE77532}"
EndProject
Project("{FAE04EC0-301F-11D3-BF4B-00C04F79EFBC}") = "Adeotek.Extensions.Docker.Tests", "tests\Adeotek.Extensions.Docker.Tests\Adeotek.Extensions.Docker.Tests.csproj", "{BA878BA6-EC2F-4AAC-BF0A-C3AEE96D0819}"
EndProject
Global
	GlobalSection(SolutionConfigurationPlatforms) = preSolution
		Debug|Any CPU = Debug|Any CPU
		Release|Any CPU = Release|Any CPU
	EndGlobalSection
	GlobalSection(ProjectConfigurationPlatforms) = postSolution
		{E89A3392-F860-44FD-A5DB-1C66E41E259F}.Debug|Any CPU.ActiveCfg = Debug|Any CPU
		{E89A3392-F860-44FD-A5DB-1C66E41E259F}.Debug|Any CPU.Build.0 = Debug|Any CPU
		{E89A3392-F860-44FD-A5DB-1C66E41E259F}.Release|Any CPU.ActiveCfg = Release|Any CPU
		{E89A3392-F860-44FD-A5DB-1C66E41E259F}.Release|Any CPU.Build.0 = Release|Any CPU
		{DDDC41E8-E206-4894-A737-7316A337F97B}.Debug|Any CPU.ActiveCfg = Debug|Any CPU
		{DDDC41E8-E206-4894-A737-7316A337F97B}.Debug|Any CPU.Build.0 = Debug|Any CPU
		{DDDC41E8-E206-4894-A737-7316A337F97B}.Release|Any CPU.ActiveCfg = Release|Any CPU
		{DDDC41E8-E206-4894-A737-7316A337F97B}.Release|Any CPU.Build.0 = Release|Any CPU
		{D55E158C-817B-4B11-8859-AB9255568194}.Debug|Any CPU.ActiveCfg = Debug|Any CPU
		{D55E158C-817B-4B11-8859-AB9255568194}.Debug|Any CPU.Build.0 = Debug|Any CPU
		{D55E158C-817B-4B11-8859-AB9255568194}.Release|Any CPU.ActiveCfg = Release|Any CPU
		{D55E158C-817B-4B11-8859-AB9255568194}.Release|Any CPU.Build.0 = Release|Any CPU
		{E55C2AB6-77B6-4D5A-9246-FC0A6FE77532}.Debug|Any CPU.ActiveCfg = Debug|Any CPU
		{E55C2AB6-77B6-4D5A-9246-FC0A6FE77532}.Debug|Any CPU.Build.0 = Debug|Any CPU
		{E55C2AB6-77B6-4D5A-9246-FC0A6FE77532}.Release|Any CPU.ActiveCfg = Release|Any CPU
		{E55C2AB6-77B6-4D5A-9246-FC0A6FE77532}.Release|Any CPU.Build.0 = Release|Any CPU
		{BA878BA6-EC2F-4AAC-BF0A-C3AEE96D0819}.Debug|Any CPU.ActiveCfg = Debug|Any CPU
		{BA878BA6-EC2F-4AAC-BF0A-C3AEE96D0819}.Debug|Any CPU.Build.0 = Debug|Any CPU
		{BA878BA6-EC2F-4AAC-BF0A-C3AEE96D0819}.Release|Any CPU.ActiveCfg = Release|Any CPU
		{BA878BA6-EC2F-4AAC-BF0A-C3AEE96D0819}.Release|Any CPU.Build.0 = Release|Any CPU
	EndGlobalSection
	GlobalSection(NestedProjects) = preSolution
		{E89A3392-F860-44FD-A5DB-1C66E41E259F} = {3E60B3A3-598E-4093-9F13-BF67895AD637}
		{DDDC41E8-E206-4894-A737-7316A337F97B} = {3E60B3A3-598E-4093-9F13-BF67895AD637}
		{D55E158C-817B-4B11-8859-AB9255568194} = {3E60B3A3-598E-4093-9F13-BF67895AD637}
		{E55C2AB6-77B6-4D5A-9246-FC0A6FE77532} = {64532DF7-DF7E-4CDF-8494-9C2EBF570AC1}
		{BA878BA6-EC2F-4AAC-BF0A-C3AEE96D0819} = {64532DF7-DF7E-4CDF-8494-9C2EBF570AC1}
	EndGlobalSection
EndGlobal
